
Microsoft Visual Studio Solution File, Format Version 12.00
# Visual Studio 15
VisualStudioVersion = 15.0.26730.3
MinimumVisualStudioVersion = 10.0.40219.1
Project("{9A19103F-16F7-4668-BE54-9A1E7A4F7556}") = "AngularBoilerplate", "AngularBoilerplate\AngularBoilerplate.csproj", "{0B5FCFF5-F553-454C-AA2D-DE4D4C91DE75}"
EndProject
Project("{9A19103F-16F7-4668-BE54-9A1E7A4F7556}") = "Angular.Common", "Angular.Common\Angular.Common.csproj", "{16F242D6-6DEA-4FB4-B73A-EF6EB1872ADC}"
EndProject
Project("{FAE04EC0-301F-11D3-BF4B-00C04F79EFBC}") = "Angular.Models", "Angular.Models\Angular.Models.csproj", "{D35246F1-C0A6-4261-A0B0-77F0E1D3EC1D}"
EndProject
Global
	GlobalSection(SolutionConfigurationPlatforms) = preSolution
		Debug|Any CPU = Debug|Any CPU
		Release|Any CPU = Release|Any CPU
	EndGlobalSection
	GlobalSection(ProjectConfigurationPlatforms) = postSolution
		{0B5FCFF5-F553-454C-AA2D-DE4D4C91DE75}.Debug|Any CPU.ActiveCfg = Debug|Any CPU
		{0B5FCFF5-F553-454C-AA2D-DE4D4C91DE75}.Debug|Any CPU.Build.0 = Debug|Any CPU
		{0B5FCFF5-F553-454C-AA2D-DE4D4C91DE75}.Release|Any CPU.ActiveCfg = Release|Any CPU
		{0B5FCFF5-F553-454C-AA2D-DE4D4C91DE75}.Release|Any CPU.Build.0 = Release|Any CPU
		{16F242D6-6DEA-4FB4-B73A-EF6EB1872ADC}.Debug|Any CPU.ActiveCfg = Debug|Any CPU
		{16F242D6-6DEA-4FB4-B73A-EF6EB1872ADC}.Debug|Any CPU.Build.0 = Debug|Any CPU
		{16F242D6-6DEA-4FB4-B73A-EF6EB1872ADC}.Release|Any CPU.ActiveCfg = Release|Any CPU
		{16F242D6-6DEA-4FB4-B73A-EF6EB1872ADC}.Release|Any CPU.Build.0 = Release|Any CPU
		{D35246F1-C0A6-4261-A0B0-77F0E1D3EC1D}.Debug|Any CPU.ActiveCfg = Debug|Any CPU
		{D35246F1-C0A6-4261-A0B0-77F0E1D3EC1D}.Debug|Any CPU.Build.0 = Debug|Any CPU
		{D35246F1-C0A6-4261-A0B0-77F0E1D3EC1D}.Release|Any CPU.ActiveCfg = Release|Any CPU
		{D35246F1-C0A6-4261-A0B0-77F0E1D3EC1D}.Release|Any CPU.Build.0 = Release|Any CPU
	EndGlobalSection
	GlobalSection(SolutionProperties) = preSolution
		HideSolutionNode = FALSE
	EndGlobalSection
	GlobalSection(ExtensibilityGlobals) = postSolution
		SolutionGuid = {5F2BA785-DEEC-4A55-90D3-EE144315F447}
	EndGlobalSection
EndGlobal
